{
  "name": "signature",
  "version": "1.0.0",
  "lockfileVersion": 1,
  "requires": true,
  "dependencies": {
    "big-integer": {
      "version": "1.6.47",
      "resolved": "https://registry.npmjs.org/big-integer/-/big-integer-1.6.47.tgz",
      "integrity": "sha512-9t9f7X3as2XGX8b52GqG6ox0GvIdM86LyIXASJnDCFhYNgt+A+MByQZ3W2PyMRZjEvG5f8TEbSPfEotVuMJnQg=="
    },
    "convert-hex": {
      "version": "0.1.0",
      "resolved": "https://registry.npmjs.org/convert-hex/-/convert-hex-0.1.0.tgz",
      "integrity": "sha1-CMBFaJIsJ3drii6BqV05M2LqC2U="
    },
    "convert-string": {
      "version": "0.1.0",
      "resolved": "https://registry.npmjs.org/convert-string/-/convert-string-0.1.0.tgz",
      "integrity": "sha1-ec5BqbsNA7z3LNxqjzxW+7xkQQo="
    },
    "sha256": {
      "version": "0.2.0",
      "resolved": "https://registry.npmjs.org/sha256/-/sha256-0.2.0.tgz",
      "integrity": "sha1-c6C0GNqrcDW/+G6EkeNjQS/CqwU=",
      "requires": {
        "convert-hex": "~0.1.0",
        "convert-string": "~0.1.0"
      }
    },
    "simple-js-ec-math": {
      "version": "2.0.1",
      "resolved": "https://registry.npmjs.org/simple-js-ec-math/-/simple-js-ec-math-2.0.1.tgz",
      "integrity": "sha512-dtvRYEFWKr2MnIw7yKXmVat1BolRT/Q8iHrz5IMPrtXNZTAmcky/V0li3iabhRWKMBmfnuUZsNgBrl8EEj6+Qg=="
    }
  }
}
